<?xml version="1.0" encoding="utf-8"?>
<Project ToolsVersion="4.0" xmlns="http://schemas.microsoft.com/developer/msbuild/2003">
  <ItemGroup>
    <Filter Include="ソース ファイル">
      <UniqueIdentifier>{4FC737F1-C7A5-4376-A066-2A32D752A2FF}</UniqueIdentifier>
      <Extensions>cpp;c;cc;cxx;c++;cppm;ixx;def;odl;idl;hpj;bat;asm;asmx</Extensions>
    </Filter>
    <Filter Include="ヘッダー ファイル">
      <UniqueIdentifier>{93995380-89BD-4b04-88EB-625FBE52EBFB}</UniqueIdentifier>
      <Extensions>h;hh;hpp;hxx;h++;hm;inl;inc;ipp;xsd</Extensions>
    </Filter>
    <Filter Include="リソース ファイル">
      <UniqueIdentifier>{67DA6AB6-F800-4c08-8B7A-83BB121AAD01}</UniqueIdentifier>
      <Extensions>rc;ico;cur;bmp;dlg;rc2;rct;bin;rgs;gif;jpg;jpeg;jpe;resx;tiff;tif;png;wav;mfcribbon-ms</Extensions>
    </Filter>
    <Filter Include="ヘッダー ファイル\chara">
      <UniqueIdentifier>{6dc6dfb8-756f-45f1-a604-d3173b666a06}</UniqueIdentifier>
    </Filter>
    <Filter Include="ソース ファイル\chara">
      <UniqueIdentifier>{0f3f4f01-852b-4062-8c02-516284d1530b}</UniqueIdentifier>
    </Filter>
    <Filter Include="ヘッダー ファイル\chara\state">
      <UniqueIdentifier>{2489e755-e70e-4dbc-98d4-994c40a49bd5}</UniqueIdentifier>
    </Filter>
    <Filter Include="ソース ファイル\chara\state">
      <UniqueIdentifier>{5ba6fce8-b9d0-4c4c-aaa7-040d6d17a42f}</UniqueIdentifier>
    </Filter>
    <Filter Include="ヘッダー ファイル\ui">
      <UniqueIdentifier>{3c2f99c8-662f-4c4a-ba3c-7d478003a015}</UniqueIdentifier>
    </Filter>
  </ItemGroup>
  <ItemGroup>
    <ClCompile Include="main.cpp">
      <Filter>ソース ファイル</Filter>
    </ClCompile>
    <ClCompile Include="routine.cpp">
      <Filter>ソース ファイル</Filter>
    </ClCompile>
    <ClCompile Include="sceneManager.cpp">
      <Filter>ソース ファイル</Filter>
    </ClCompile>
    <ClCompile Include="setting.cpp">
      <Filter>ソース ファイル</Filter>
    </ClCompile>
    <ClCompile Include="charaBase.cpp">
      <Filter>ソース ファイル\chara</Filter>
    </ClCompile>
    <ClCompile Include="player.cpp">
      <Filter>ソース ファイル\chara</Filter>
    </ClCompile>
    <ClCompile Include="enemy.cpp">
      <Filter>ソース ファイル\chara</Filter>
    </ClCompile>
    <ClCompile Include="eat.cpp">
      <Filter>ソース ファイル\chara\state</Filter>
    </ClCompile>
    <ClCompile Include="move.cpp">
      <Filter>ソース ファイル\chara\state</Filter>
    </ClCompile>
    <ClCompile Include="garlicShot.cpp">
      <Filter>ソース ファイル\chara</Filter>
    </ClCompile>
  </ItemGroup>
  <ItemGroup>
    <None Include="packages.config" />
  </ItemGroup>
  <ItemGroup>
    <ClInclude Include="setting.h">
      <Filter>ヘッダー ファイル</Filter>
    </ClInclude>
    <ClInclude Include="routine.h">
      <Filter>ヘッダー ファイル</Filter>
    </ClInclude>
    <ClInclude Include="sceneManager.h">
      <Filter>ヘッダー ファイル</Filter>
    </ClInclude>
    <ClInclude Include="charaBase.h">
      <Filter>ヘッダー ファイル\chara</Filter>
    </ClInclude>
    <ClInclude Include="player.h">
      <Filter>ヘッダー ファイル\chara</Filter>
    </ClInclude>
    <ClInclude Include="enemy.h">
      <Filter>ヘッダー ファイル\chara</Filter>
    </ClInclude>
    <ClInclude Include="iState.h">
      <Filter>ヘッダー ファイル\chara\state</Filter>
    </ClInclude>
    <ClInclude Include="move.h">
      <Filter>ヘッダー ファイル\chara\state</Filter>
    </ClInclude>
    <ClInclude Include="eat.h">
      <Filter>ヘッダー ファイル\chara\state</Filter>
    </ClInclude>
    <ClInclude Include="titleUI.h">
      <Filter>ヘッダー ファイル\ui</Filter>
    </ClInclude>
    <ClInclude Include="playUI.h">
      <Filter>ヘッダー ファイル\ui</Filter>
    </ClInclude>
    <ClInclude Include="resultUI.h">
      <Filter>ヘッダー ファイル\ui</Filter>
    </ClInclude>
    <ClInclude Include="garlicShot.h">
      <Filter>ヘッダー ファイル\chara</Filter>
    </ClInclude>
  </ItemGroup>
</Project>